// !$*UTF8*$!
{
	archiveVersion = 1;
	classes = {
	};
	objectVersion = 46;
	objects = {

/* Begin PBXBuildFile section */
		910F5C2C1702F62200F10889 /* CIViewControllerEvent.m in Sources */ = {isa = PBXBuildFile; fileRef = 910F5C2A1702F62200F10889 /* CIViewControllerEvent.m */; };
		910F5C2D1702F62200F10889 /* CIViewControllerEvent.xib in Resources */ = {isa = PBXBuildFile; fileRef = 910F5C2B1702F62200F10889 /* CIViewControllerEvent.xib */; };
		910F5C301702F8B900F10889 /* iCarousel.m in Sources */ = {isa = PBXBuildFile; fileRef = 910F5C2F1702F8B900F10889 /* iCarousel.m */; settings = {COMPILER_FLAGS = "-fno-objc-arc"; }; };
		9179A14B169D700500D4E960 /* UIKit.framework in Frameworks */ = {isa = PBXBuildFile; fileRef = 9179A14A169D700500D4E960 /* UIKit.framework */; };
		9179A14D169D700500D4E960 /* Foundation.framework in Frameworks */ = {isa = PBXBuildFile; fileRef = 9179A14C169D700500D4E960 /* Foundation.framework */; };
		9179A14F169D700500D4E960 /* CoreGraphics.framework in Frameworks */ = {isa = PBXBuildFile; fileRef = 9179A14E169D700500D4E960 /* CoreGraphics.framework */; };
		9179A155169D700500D4E960 /* InfoPlist.strings in Resources */ = {isa = PBXBuildFile; fileRef = 9179A153169D700500D4E960 /* InfoPlist.strings */; };
		9179A157169D700500D4E960 /* main.m in Sources */ = {isa = PBXBuildFile; fileRef = 9179A156169D700500D4E960 /* main.m */; };
		9179A15B169D700500D4E960 /* CIAppDelegate.m in Sources */ = {isa = PBXBuildFile; fileRef = 9179A15A169D700500D4E960 /* CIAppDelegate.m */; };
		9179A164169D700500D4E960 /* CIViewController.m in Sources */ = {isa = PBXBuildFile; fileRef = 9179A163169D700500D4E960 /* CIViewController.m */; };
		9179A167169D700500D4E960 /* CIViewController.xib in Resources */ = {isa = PBXBuildFile; fileRef = 9179A165169D700500D4E960 /* CIViewController.xib */; };
		9179A16F169DBFDD00D4E960 /* MapKit.framework in Frameworks */ = {isa = PBXBuildFile; fileRef = 9179A16E169DBFDD00D4E960 /* MapKit.framework */; };
		9E1BE4691736FE5F005D6AE3 /* CICellCustomAlbum.m in Sources */ = {isa = PBXBuildFile; fileRef = 9E1BE4681736FE5F005D6AE3 /* CICellCustomAlbum.m */; };
		9E1BE46B1736FF93005D6AE3 /* CICellCustomAlbum.xib in Resources */ = {isa = PBXBuildFile; fileRef = 9E1BE46A1736FF93005D6AE3 /* CICellCustomAlbum.xib */; };
		9E54405716A49CA7008E3631 /* CIViewControllerNews.m in Sources */ = {isa = PBXBuildFile; fileRef = 9E54405516A49CA7008E3631 /* CIViewControllerNews.m */; };
		9E54405816A49CA7008E3631 /* CIViewControllerNews.xib in Resources */ = {isa = PBXBuildFile; fileRef = 9E54405616A49CA7008E3631 /* CIViewControllerNews.xib */; };
		9E54405C16A49F82008E3631 /* CIViewControllerEvenement.m in Sources */ = {isa = PBXBuildFile; fileRef = 9E54405A16A49F82008E3631 /* CIViewControllerEvenement.m */; };
		9E54405D16A49F82008E3631 /* CIViewControllerEvenement.xib in Resources */ = {isa = PBXBuildFile; fileRef = 9E54405B16A49F82008E3631 /* CIViewControllerEvenement.xib */; };
		9E54406116A4A16F008E3631 /* CIViewControllerAlbum.m in Sources */ = {isa = PBXBuildFile; fileRef = 9E54405F16A4A16F008E3631 /* CIViewControllerAlbum.m */; };
		9E54406216A4A16F008E3631 /* CIViewControllerAlbum.xib in Resources */ = {isa = PBXBuildFile; fileRef = 9E54406016A4A16F008E3631 /* CIViewControllerAlbum.xib */; };
		9E54406616A4A534008E3631 /* CIViewControllerPartenaires.m in Sources */ = {isa = PBXBuildFile; fileRef = 9E54406416A4A534008E3631 /* CIViewControllerPartenaires.m */; };
		9E54406716A4A534008E3631 /* CIViewControllerPartenaires.xib in Resources */ = {isa = PBXBuildFile; fileRef = 9E54406516A4A534008E3631 /* CIViewControllerPartenaires.xib */; };
		9E6A92C816AC4455006EC317 /* CIViewControllerCollectionAlbum.xib in Resources */ = {isa = PBXBuildFile; fileRef = 9E6A92C616AC4455006EC317 /* CIViewControllerCollectionAlbum.xib */; };
		9E832A96176080B400A7F680 /* img-1.png in Resources */ = {isa = PBXBuildFile; fileRef = 9E832A93176080B400A7F680 /* img-1.png */; };
		9E832A97176080B400A7F680 /* img-2.png in Resources */ = {isa = PBXBuildFile; fileRef = 9E832A94176080B400A7F680 /* img-2.png */; };
		9E832A98176080B400A7F680 /* img-3.png in Resources */ = {isa = PBXBuildFile; fileRef = 9E832A95176080B400A7F680 /* img-3.png */; };
		9EA9F3E616A22DCE006DC3C2 /* IISideController.m in Sources */ = {isa = PBXBuildFile; fileRef = 9EA9F3E116A22DCE006DC3C2 /* IISideController.m */; };
		9EA9F3E716A22DCE006DC3C2 /* IIViewDeckController.m in Sources */ = {isa = PBXBuildFile; fileRef = 9EA9F3E316A22DCE006DC3C2 /* IIViewDeckController.m */; };
		9EA9F3E816A22DCE006DC3C2 /* IIWrapController.m in Sources */ = {isa = PBXBuildFile; fileRef = 9EA9F3E516A22DCE006DC3C2 /* IIWrapController.m */; };
		9EA9F3ED16A22E4C006DC3C2 /* CILeftViewController.m in Sources */ = {isa = PBXBuildFile; fileRef = 9EA9F3EB16A22E4C006DC3C2 /* CILeftViewController.m */; };
		9EA9F3EE16A22E4C006DC3C2 /* CILeftViewController.xib in Resources */ = {isa = PBXBuildFile; fileRef = 9EA9F3EC16A22E4C006DC3C2 /* CILeftViewController.xib */; };
		9EA9F3F016A22F12006DC3C2 /* QuartzCore.framework in Frameworks */ = {isa = PBXBuildFile; fileRef = 9EA9F3EF16A22F12006DC3C2 /* QuartzCore.framework */; };
		9EA9F3FB16A2375F006DC3C2 /* CICellViewLeft.m in Sources */ = {isa = PBXBuildFile; fileRef = 9EA9F3FA16A2375F006DC3C2 /* CICellViewLeft.m */; };
		9EA9F3FD16A2378B006DC3C2 /* CICellViewLeft.xib in Resources */ = {isa = PBXBuildFile; fileRef = 9EA9F3FC16A2378B006DC3C2 /* CICellViewLeft.xib */; };
		9ED8DB35173D526300F0D22A /* CITableView.m in Sources */ = {isa = PBXBuildFile; fileRef = 9ED8DB33173D526300F0D22A /* CITableView.m */; };
		9ED8DB36173D526300F0D22A /* CITableView.xib in Resources */ = {isa = PBXBuildFile; fileRef = 9ED8DB34173D526300F0D22A /* CITableView.xib */; };
		9ED8DB38173D7EEE00F0D22A /* noImage.png in Resources */ = {isa = PBXBuildFile; fileRef = 9ED8DB37173D7EEE00F0D22A /* noImage.png */; };
		9ED8DB73173D910C00F0D22A /* CIAlbum.m in Sources */ = {isa = PBXBuildFile; fileRef = 9ED8DB71173D910C00F0D22A /* CIAlbum.m */; };
		9ED8DB74173D910C00F0D22A /* CIAlbum.xib in Resources */ = {isa = PBXBuildFile; fileRef = 9ED8DB72173D910C00F0D22A /* CIAlbum.xib */; };
		9ED8DB77173D93BB00F0D22A /* NibCell.xib in Resources */ = {isa = PBXBuildFile; fileRef = 9ED8DB76173D93BB00F0D22A /* NibCell.xib */; };
		9ED8DB79173EC6EB00F0D22A /* thumbnail.png in Resources */ = {isa = PBXBuildFile; fileRef = 9ED8DB78173EC6EA00F0D22A /* thumbnail.png */; };
		9ED8DB7C173ECD7700F0D22A /* CVCell.m in Sources */ = {isa = PBXBuildFile; fileRef = 9ED8DB7B173ECD7700F0D22A /* CVCell.m */; };
		9ED8DB7E173ED68300F0D22A /* CVCell.xib in Resources */ = {isa = PBXBuildFile; fileRef = 9ED8DB7D173ED68300F0D22A /* CVCell.xib */; };
		9EDF644016AB577B00CEC67B /* PSTCollectionView.m in Sources */ = {isa = PBXBuildFile; fileRef = 9EDF642816AB577B00CEC67B /* PSTCollectionView.m */; };
		9EDF644116AB577B00CEC67B /* PSTCollectionViewCell.m in Sources */ = {isa = PBXBuildFile; fileRef = 9EDF642A16AB577B00CEC67B /* PSTCollectionViewCell.m */; };
		9EDF644216AB577B00CEC67B /* PSTCollectionViewController.m in Sources */ = {isa = PBXBuildFile; fileRef = 9EDF642D16AB577B00CEC67B /* PSTCollectionViewController.m */; };
		9EDF644316AB577B00CEC67B /* PSTCollectionViewData.m in Sources */ = {isa = PBXBuildFile; fileRef = 9EDF642F16AB577B00CEC67B /* PSTCollectionViewData.m */; };
		9EDF644416AB577B00CEC67B /* PSTCollectionViewFlowLayout.m in Sources */ = {isa = PBXBuildFile; fileRef = 9EDF643116AB577B00CEC67B /* PSTCollectionViewFlowLayout.m */; };
		9EDF644516AB577B00CEC67B /* PSTCollectionViewItemKey.m in Sources */ = {isa = PBXBuildFile; fileRef = 9EDF643316AB577B00CEC67B /* PSTCollectionViewItemKey.m */; };
		9EDF644616AB577B00CEC67B /* PSTCollectionViewLayout.m in Sources */ = {isa = PBXBuildFile; fileRef = 9EDF643516AB577B00CEC67B /* PSTCollectionViewLayout.m */; };
		9EDF644716AB577B00CEC67B /* PSTCollectionViewUpdateItem.m in Sources */ = {isa = PBXBuildFile; fileRef = 9EDF643716AB577B00CEC67B /* PSTCollectionViewUpdateItem.m */; };
		9EDF644816AB577B00CEC67B /* PSTGridLayoutInfo.m in Sources */ = {isa = PBXBuildFile; fileRef = 9EDF643916AB577B00CEC67B /* PSTGridLayoutInfo.m */; };
		9EDF644916AB577B00CEC67B /* PSTGridLayoutItem.m in Sources */ = {isa = PBXBuildFile; fileRef = 9EDF643B16AB577B00CEC67B /* PSTGridLayoutItem.m */; };
		9EDF644A16AB577B00CEC67B /* PSTGridLayoutRow.m in Sources */ = {isa = PBXBuildFile; fileRef = 9EDF643D16AB577B00CEC67B /* PSTGridLayoutRow.m */; };
		9EDF644B16AB577B00CEC67B /* PSTGridLayoutSection.m in Sources */ = {isa = PBXBuildFile; fileRef = 9EDF643F16AB577B00CEC67B /* PSTGridLayoutSection.m */; };
		AD86874F1713475C0073D89C /* partners.png in Resources */ = {isa = PBXBuildFile; fileRef = AD86874E1713475B0073D89C /* partners.png */; };
		AD868751171347680073D89C /* photo.png in Resources */ = {isa = PBXBuildFile; fileRef = AD868750171347680073D89C /* photo.png */; };
		AD8687531713478E0073D89C /* home.png in Resources */ = {isa = PBXBuildFile; fileRef = AD8687521713478E0073D89C /* home.png */; };
		AD868757171347BC0073D89C /* news.png in Resources */ = {isa = PBXBuildFile; fileRef = AD868756171347BC0073D89C /* news.png */; };
		AD8687591713482A0073D89C /* event.png in Resources */ = {isa = PBXBuildFile; fileRef = AD8687581713482A0073D89C /* event.png */; };
		ADD3975E17140D94001AC6C3 /* Paris 001.jpg in Resources */ = {isa = PBXBuildFile; fileRef = ADD3975A17140D94001AC6C3 /* Paris 001.jpg */; };
		ADD3975F17140D94001AC6C3 /* Paris 002.jpg in Resources */ = {isa = PBXBuildFile; fileRef = ADD3975B17140D94001AC6C3 /* Paris 002.jpg */; };
		ADD3976017140D94001AC6C3 /* Paris 003.jpg in Resources */ = {isa = PBXBuildFile; fileRef = ADD3975C17140D94001AC6C3 /* Paris 003.jpg */; };
		ADD3976117140D94001AC6C3 /* Paris 004.JPG in Resources */ = {isa = PBXBuildFile; fileRef = ADD3975D17140D94001AC6C3 /* Paris 004.JPG */; };
		ADD3976D17143AF2001AC6C3 /* Default@2x.png in Resources */ = {isa = PBXBuildFile; fileRef = ADD3976B17143AF1001AC6C3 /* Default@2x.png */; };
		ADD3976E17143AF2001AC6C3 /* Default.png in Resources */ = {isa = PBXBuildFile; fileRef = ADD3976C17143AF1001AC6C3 /* Default.png */; };
		ADD39770171440A4001AC6C3 /* icon.png in Resources */ = {isa = PBXBuildFile; fileRef = ADD3976F171440A4001AC6C3 /* icon.png */; };
		ADD3977F1714B1C0001AC6C3 /* menu.png in Resources */ = {isa = PBXBuildFile; fileRef = ADD3977E1714B1C0001AC6C3 /* menu.png */; };
		ADD3978B17157072001AC6C3 /* CIViewControllerPartnerview.m in Sources */ = {isa = PBXBuildFile; fileRef = ADD3978917157072001AC6C3 /* CIViewControllerPartnerview.m */; };
		ADD3978C17157072001AC6C3 /* CIViewControllerPartnerview.xib in Resources */ = {isa = PBXBuildFile; fileRef = ADD3978A17157072001AC6C3 /* CIViewControllerPartnerview.xib */; };
		ADD3978F1715B0B9001AC6C3 /* Sketch_Block.ttf in Resources */ = {isa = PBXBuildFile; fileRef = ADD3978E1715B0B9001AC6C3 /* Sketch_Block.ttf */; };
		ADD3979C1716A2C6001AC6C3 /* rp_navbar.png in Resources */ = {isa = PBXBuildFile; fileRef = ADD3979B1716A2C6001AC6C3 /* rp_navbar.png */; };
/* End PBXBuildFile section */

/* Begin PBXFileReference section */
		910F5C291702F62200F10889 /* CIViewControllerEvent.h */ = {isa = PBXFileReference; fileEncoding = 4; lastKnownFileType = sourcecode.c.h; path = CIViewControllerEvent.h; sourceTree = "<group>"; };
		910F5C2A1702F62200F10889 /* CIViewControllerEvent.m */ = {isa = PBXFileReference; fileEncoding = 4; lastKnownFileType = sourcecode.c.objc; path = CIViewControllerEvent.m; sourceTree = "<group>"; };
		910F5C2B1702F62200F10889 /* CIViewControllerEvent.xib */ = {isa = PBXFileReference; fileEncoding = 4; lastKnownFileType = file.xib; path = CIViewControllerEvent.xib; sourceTree = "<group>"; };
		910F5C2E1702F8B900F10889 /* iCarousel.h */ = {isa = PBXFileReference; fileEncoding = 4; lastKnownFileType = sourcecode.c.h; path = iCarousel.h; sourceTree = "<group>"; };
		910F5C2F1702F8B900F10889 /* iCarousel.m */ = {isa = PBXFileReference; fileEncoding = 4; lastKnownFileType = sourcecode.c.objc; path = iCarousel.m; sourceTree = "<group>"; };
		9179A146169D700500D4E960 /* BDE Com'In.app */ = {isa = PBXFileReference; explicitFileType = wrapper.application; includeInIndex = 0; path = "BDE Com'In.app"; sourceTree = BUILT_PRODUCTS_DIR; };
		9179A14A169D700500D4E960 /* UIKit.framework */ = {isa = PBXFileReference; lastKnownFileType = wrapper.framework; name = UIKit.framework; path = System/Library/Frameworks/UIKit.framework; sourceTree = SDKROOT; };
		9179A14C169D700500D4E960 /* Foundation.framework */ = {isa = PBXFileReference; lastKnownFileType = wrapper.framework; name = Foundation.framework; path = System/Library/Frameworks/Foundation.framework; sourceTree = SDKROOT; };
		9179A14E169D700500D4E960 /* CoreGraphics.framework */ = {isa = PBXFileReference; lastKnownFileType = wrapper.framework; name = CoreGraphics.framework; path = System/Library/Frameworks/CoreGraphics.framework; sourceTree = SDKROOT; };
		9179A152169D700500D4E960 /* BDE Com'In-Info.plist */ = {isa = PBXFileReference; lastKnownFileType = text.plist.xml; path = "BDE Com'In-Info.plist"; sourceTree = "<group>"; };
		9179A154169D700500D4E960 /* en */ = {isa = PBXFileReference; lastKnownFileType = text.plist.strings; name = en; path = en.lproj/InfoPlist.strings; sourceTree = "<group>"; };
		9179A156169D700500D4E960 /* main.m */ = {isa = PBXFileReference; lastKnownFileType = sourcecode.c.objc; path = main.m; sourceTree = "<group>"; };
		9179A158169D700500D4E960 /* BDE Com'In-Prefix.pch */ = {isa = PBXFileReference; lastKnownFileType = sourcecode.c.h; path = "BDE Com'In-Prefix.pch"; sourceTree = "<group>"; };
		9179A159169D700500D4E960 /* CIAppDelegate.h */ = {isa = PBXFileReference; lastKnownFileType = sourcecode.c.h; path = CIAppDelegate.h; sourceTree = "<group>"; };
		9179A15A169D700500D4E960 /* CIAppDelegate.m */ = {isa = PBXFileReference; lastKnownFileType = sourcecode.c.objc; path = CIAppDelegate.m; sourceTree = "<group>"; };
		9179A162169D700500D4E960 /* CIViewController.h */ = {isa = PBXFileReference; lastKnownFileType = sourcecode.c.h; path = CIViewController.h; sourceTree = "<group>"; };
		9179A163169D700500D4E960 /* CIViewController.m */ = {isa = PBXFileReference; lastKnownFileType = sourcecode.c.objc; path = CIViewController.m; sourceTree = "<group>"; };
		9179A166169D700500D4E960 /* en */ = {isa = PBXFileReference; lastKnownFileType = file.xib; name = en; path = en.lproj/CIViewController.xib; sourceTree = "<group>"; };
		9179A16E169DBFDD00D4E960 /* MapKit.framework */ = {isa = PBXFileReference; lastKnownFileType = wrapper.framework; name = MapKit.framework; path = System/Library/Frameworks/MapKit.framework; sourceTree = SDKROOT; };
		9E1BE4671736FE5F005D6AE3 /* CICellCustomAlbum.h */ = {isa = PBXFileReference; fileEncoding = 4; lastKnownFileType = sourcecode.c.h; path = CICellCustomAlbum.h; sourceTree = "<group>"; };
		9E1BE4681736FE5F005D6AE3 /* CICellCustomAlbum.m */ = {isa = PBXFileReference; fileEncoding = 4; lastKnownFileType = sourcecode.c.objc; path = CICellCustomAlbum.m; sourceTree = "<group>"; };
		9E1BE46A1736FF93005D6AE3 /* CICellCustomAlbum.xib */ = {isa = PBXFileReference; fileEncoding = 4; lastKnownFileType = file.xib; path = CICellCustomAlbum.xib; sourceTree = "<group>"; };
		9E54405416A49CA7008E3631 /* CIViewControllerNews.h */ = {isa = PBXFileReference; fileEncoding = 4; lastKnownFileType = sourcecode.c.h; name = CIViewControllerNews.h; path = ../CIViewControllerNews.h; sourceTree = "<group>"; };
		9E54405516A49CA7008E3631 /* CIViewControllerNews.m */ = {isa = PBXFileReference; fileEncoding = 4; lastKnownFileType = sourcecode.c.objc; name = CIViewControllerNews.m; path = ../CIViewControllerNews.m; sourceTree = "<group>"; };
		9E54405616A49CA7008E3631 /* CIViewControllerNews.xib */ = {isa = PBXFileReference; fileEncoding = 4; lastKnownFileType = file.xib; name = CIViewControllerNews.xib; path = ../CIViewControllerNews.xib; sourceTree = "<group>"; };
		9E54405916A49F81008E3631 /* CIViewControllerEvenement.h */ = {isa = PBXFileReference; fileEncoding = 4; lastKnownFileType = sourcecode.c.h; path = CIViewControllerEvenement.h; sourceTree = "<group>"; };
		9E54405A16A49F82008E3631 /* CIViewControllerEvenement.m */ = {isa = PBXFileReference; fileEncoding = 4; lastKnownFileType = sourcecode.c.objc; path = CIViewControllerEvenement.m; sourceTree = "<group>"; };
		9E54405B16A49F82008E3631 /* CIViewControllerEvenement.xib */ = {isa = PBXFileReference; fileEncoding = 4; lastKnownFileType = file.xib; path = CIViewControllerEvenement.xib; sourceTree = "<group>"; };
		9E54405E16A4A16F008E3631 /* CIViewControllerAlbum.h */ = {isa = PBXFileReference; fileEncoding = 4; lastKnownFileType = sourcecode.c.h; path = CIViewControllerAlbum.h; sourceTree = "<group>"; };
		9E54405F16A4A16F008E3631 /* CIViewControllerAlbum.m */ = {isa = PBXFileReference; fileEncoding = 4; lastKnownFileType = sourcecode.c.objc; path = CIViewControllerAlbum.m; sourceTree = "<group>"; };
		9E54406016A4A16F008E3631 /* CIViewControllerAlbum.xib */ = {isa = PBXFileReference; fileEncoding = 4; lastKnownFileType = file.xib; path = CIViewControllerAlbum.xib; sourceTree = "<group>"; };
		9E54406316A4A534008E3631 /* CIViewControllerPartenaires.h */ = {isa = PBXFileReference; fileEncoding = 4; lastKnownFileType = sourcecode.c.h; path = CIViewControllerPartenaires.h; sourceTree = "<group>"; };
		9E54406416A4A534008E3631 /* CIViewControllerPartenaires.m */ = {isa = PBXFileReference; fileEncoding = 4; lastKnownFileType = sourcecode.c.objc; path = CIViewControllerPartenaires.m; sourceTree = "<group>"; };
		9E54406516A4A534008E3631 /* CIViewControllerPartenaires.xib */ = {isa = PBXFileReference; fileEncoding = 4; lastKnownFileType = file.xib; path = CIViewControllerPartenaires.xib; sourceTree = "<group>"; };
		9E6A92C616AC4455006EC317 /* CIViewControllerCollectionAlbum.xib */ = {isa = PBXFileReference; fileEncoding = 4; lastKnownFileType = file.xib; path = CIViewControllerCollectionAlbum.xib; sourceTree = "<group>"; };
		9E832A93176080B400A7F680 /* img-1.png */ = {isa = PBXFileReference; lastKnownFileType = image.png; path = "img-1.png"; sourceTree = "<group>"; };
		9E832A94176080B400A7F680 /* img-2.png */ = {isa = PBXFileReference; lastKnownFileType = image.png; path = "img-2.png"; sourceTree = "<group>"; };
		9E832A95176080B400A7F680 /* img-3.png */ = {isa = PBXFileReference; lastKnownFileType = image.png; path = "img-3.png"; sourceTree = "<group>"; };
		9EA9F3E016A22DCE006DC3C2 /* IISideController.h */ = {isa = PBXFileReference; fileEncoding = 4; lastKnownFileType = sourcecode.c.h; path = IISideController.h; sourceTree = "<group>"; };
		9EA9F3E116A22DCE006DC3C2 /* IISideController.m */ = {isa = PBXFileReference; fileEncoding = 4; lastKnownFileType = sourcecode.c.objc; path = IISideController.m; sourceTree = "<group>"; };
		9EA9F3E216A22DCE006DC3C2 /* IIViewDeckController.h */ = {isa = PBXFileReference; fileEncoding = 4; lastKnownFileType = sourcecode.c.h; path = IIViewDeckController.h; sourceTree = "<group>"; };
		9EA9F3E316A22DCE006DC3C2 /* IIViewDeckController.m */ = {isa = PBXFileReference; fileEncoding = 4; lastKnownFileType = sourcecode.c.objc; path = IIViewDeckController.m; sourceTree = "<group>"; };
		9EA9F3E416A22DCE006DC3C2 /* IIWrapController.h */ = {isa = PBXFileReference; fileEncoding = 4; lastKnownFileType = sourcecode.c.h; path = IIWrapController.h; sourceTree = "<group>"; };
		9EA9F3E516A22DCE006DC3C2 /* IIWrapController.m */ = {isa = PBXFileReference; fileEncoding = 4; lastKnownFileType = sourcecode.c.objc; path = IIWrapController.m; sourceTree = "<group>"; };
		9EA9F3EA16A22E4C006DC3C2 /* CILeftViewController.h */ = {isa = PBXFileReference; fileEncoding = 4; lastKnownFileType = sourcecode.c.h; path = CILeftViewController.h; sourceTree = "<group>"; };
		9EA9F3EB16A22E4C006DC3C2 /* CILeftViewController.m */ = {isa = PBXFileReference; fileEncoding = 4; lastKnownFileType = sourcecode.c.objc; path = CILeftViewController.m; sourceTree = "<group>"; };
		9EA9F3EC16A22E4C006DC3C2 /* CILeftViewController.xib */ = {isa = PBXFileReference; fileEncoding = 4; lastKnownFileType = file.xib; path = CILeftViewController.xib; sourceTree = "<group>"; };
		9EA9F3EF16A22F12006DC3C2 /* QuartzCore.framework */ = {isa = PBXFileReference; lastKnownFileType = wrapper.framework; name = QuartzCore.framework; path = System/Library/Frameworks/QuartzCore.framework; sourceTree = SDKROOT; };
		9EA9F3F916A2375F006DC3C2 /* CICellViewLeft.h */ = {isa = PBXFileReference; fileEncoding = 4; lastKnownFileType = sourcecode.c.h; path = CICellViewLeft.h; sourceTree = "<group>"; };
		9EA9F3FA16A2375F006DC3C2 /* CICellViewLeft.m */ = {isa = PBXFileReference; fileEncoding = 4; lastKnownFileType = sourcecode.c.objc; path = CICellViewLeft.m; sourceTree = "<group>"; };
		9EA9F3FC16A2378B006DC3C2 /* CICellViewLeft.xib */ = {isa = PBXFileReference; fileEncoding = 4; lastKnownFileType = file.xib; path = CICellViewLeft.xib; sourceTree = "<group>"; };
		9ED8DB32173D526300F0D22A /* CITableView.h */ = {isa = PBXFileReference; fileEncoding = 4; lastKnownFileType = sourcecode.c.h; path = CITableView.h; sourceTree = "<group>"; };
		9ED8DB33173D526300F0D22A /* CITableView.m */ = {isa = PBXFileReference; fileEncoding = 4; lastKnownFileType = sourcecode.c.objc; path = CITableView.m; sourceTree = "<group>"; };
		9ED8DB34173D526300F0D22A /* CITableView.xib */ = {isa = PBXFileReference; fileEncoding = 4; lastKnownFileType = file.xib; path = CITableView.xib; sourceTree = "<group>"; };
		9ED8DB37173D7EEE00F0D22A /* noImage.png */ = {isa = PBXFileReference; lastKnownFileType = image.png; path = noImage.png; sourceTree = "<group>"; };
		9ED8DB70173D910C00F0D22A /* CIAlbum.h */ = {isa = PBXFileReference; fileEncoding = 4; lastKnownFileType = sourcecode.c.h; path = CIAlbum.h; sourceTree = "<group>"; };
		9ED8DB71173D910C00F0D22A /* CIAlbum.m */ = {isa = PBXFileReference; fileEncoding = 4; lastKnownFileType = sourcecode.c.objc; path = CIAlbum.m; sourceTree = "<group>"; };
		9ED8DB72173D910C00F0D22A /* CIAlbum.xib */ = {isa = PBXFileReference; fileEncoding = 4; lastKnownFileType = file.xib; path = CIAlbum.xib; sourceTree = "<group>"; };
		9ED8DB76173D93BB00F0D22A /* NibCell.xib */ = {isa = PBXFileReference; fileEncoding = 4; lastKnownFileType = file.xib; path = NibCell.xib; sourceTree = "<group>"; };
		9ED8DB78173EC6EA00F0D22A /* thumbnail.png */ = {isa = PBXFileReference; lastKnownFileType = image.png; path = thumbnail.png; sourceTree = "<group>"; };
		9ED8DB7A173ECD7600F0D22A /* CVCell.h */ = {isa = PBXFileReference; fileEncoding = 4; lastKnownFileType = sourcecode.c.h; path = CVCell.h; sourceTree = "<group>"; };
		9ED8DB7B173ECD7700F0D22A /* CVCell.m */ = {isa = PBXFileReference; fileEncoding = 4; lastKnownFileType = sourcecode.c.objc; path = CVCell.m; sourceTree = "<group>"; };
		9ED8DB7D173ED68300F0D22A /* CVCell.xib */ = {isa = PBXFileReference; fileEncoding = 4; lastKnownFileType = file.xib; path = CVCell.xib; sourceTree = "<group>"; };
		9EDF642716AB577B00CEC67B /* PSTCollectionView.h */ = {isa = PBXFileReference; fileEncoding = 4; lastKnownFileType = sourcecode.c.h; path = PSTCollectionView.h; sourceTree = "<group>"; };
		9EDF642816AB577B00CEC67B /* PSTCollectionView.m */ = {isa = PBXFileReference; fileEncoding = 4; lastKnownFileType = sourcecode.c.objc; path = PSTCollectionView.m; sourceTree = "<group>"; };
		9EDF642916AB577B00CEC67B /* PSTCollectionViewCell.h */ = {isa = PBXFileReference; fileEncoding = 4; lastKnownFileType = sourcecode.c.h; path = PSTCollectionViewCell.h; sourceTree = "<group>"; };
		9EDF642A16AB577B00CEC67B /* PSTCollectionViewCell.m */ = {isa = PBXFileReference; fileEncoding = 4; lastKnownFileType = sourcecode.c.objc; path = PSTCollectionViewCell.m; sourceTree = "<group>"; };
		9EDF642B16AB577B00CEC67B /* PSTCollectionViewCommon.h */ = {isa = PBXFileReference; fileEncoding = 4; lastKnownFileType = sourcecode.c.h; path = PSTCollectionViewCommon.h; sourceTree = "<group>"; };
		9EDF642C16AB577B00CEC67B /* PSTCollectionViewController.h */ = {isa = PBXFileReference; fileEncoding = 4; lastKnownFileType = sourcecode.c.h; path = PSTCollectionViewController.h; sourceTree = "<group>"; };
		9EDF642D16AB577B00CEC67B /* PSTCollectionViewController.m */ = {isa = PBXFileReference; fileEncoding = 4; lastKnownFileType = sourcecode.c.objc; path = PSTCollectionViewController.m; sourceTree = "<group>"; };
		9EDF642E16AB577B00CEC67B /* PSTCollectionViewData.h */ = {isa = PBXFileReference; fileEncoding = 4; lastKnownFileType = sourcecode.c.h; path = PSTCollectionViewData.h; sourceTree = "<group>"; };
		9EDF642F16AB577B00CEC67B /* PSTCollectionViewData.m */ = {isa = PBXFileReference; fileEncoding = 4; lastKnownFileType = sourcecode.c.objc; path = PSTCollectionViewData.m; sourceTree = "<group>"; };
		9EDF643016AB577B00CEC67B /* PSTCollectionViewFlowLayout.h */ = {isa = PBXFileReference; fileEncoding = 4; lastKnownFileType = sourcecode.c.h; path = PSTCollectionViewFlowLayout.h; sourceTree = "<group>"; };
		9EDF643116AB577B00CEC67B /* PSTCollectionViewFlowLayout.m */ = {isa = PBXFileReference; fileEncoding = 4; lastKnownFileType = sourcecode.c.objc; path = PSTCollectionViewFlowLayout.m; sourceTree = "<group>"; };
		9EDF643216AB577B00CEC67B /* PSTCollectionViewItemKey.h */ = {isa = PBXFileReference; fileEncoding = 4; lastKnownFileType = sourcecode.c.h; path = PSTCollectionViewItemKey.h; sourceTree = "<group>"; };
		9EDF643316AB577B00CEC67B /* PSTCollectionViewItemKey.m */ = {isa = PBXFileReference; fileEncoding = 4; lastKnownFileType = sourcecode.c.objc; path = PSTCollectionViewItemKey.m; sourceTree = "<group>"; };
		9EDF643416AB577B00CEC67B /* PSTCollectionViewLayout.h */ = {isa = PBXFileReference; fileEncoding = 4; lastKnownFileType = sourcecode.c.h; path = PSTCollectionViewLayout.h; sourceTree = "<group>"; };
		9EDF643516AB577B00CEC67B /* PSTCollectionViewLayout.m */ = {isa = PBXFileReference; fileEncoding = 4; lastKnownFileType = sourcecode.c.objc; path = PSTCollectionViewLayout.m; sourceTree = "<group>"; };
		9EDF643616AB577B00CEC67B /* PSTCollectionViewUpdateItem.h */ = {isa = PBXFileReference; fileEncoding = 4; lastKnownFileType = sourcecode.c.h; path = PSTCollectionViewUpdateItem.h; sourceTree = "<group>"; };
		9EDF643716AB577B00CEC67B /* PSTCollectionViewUpdateItem.m */ = {isa = PBXFileReference; fileEncoding = 4; lastKnownFileType = sourcecode.c.objc; path = PSTCollectionViewUpdateItem.m; sourceTree = "<group>"; };
		9EDF643816AB577B00CEC67B /* PSTGridLayoutInfo.h */ = {isa = PBXFileReference; fileEncoding = 4; lastKnownFileType = sourcecode.c.h; path = PSTGridLayoutInfo.h; sourceTree = "<group>"; };
		9EDF643916AB577B00CEC67B /* PSTGridLayoutInfo.m */ = {isa = PBXFileReference; fileEncoding = 4; lastKnownFileType = sourcecode.c.objc; path = PSTGridLayoutInfo.m; sourceTree = "<group>"; };
		9EDF643A16AB577B00CEC67B /* PSTGridLayoutItem.h */ = {isa = PBXFileReference; fileEncoding = 4; lastKnownFileType = sourcecode.c.h; path = PSTGridLayoutItem.h; sourceTree = "<group>"; };
		9EDF643B16AB577B00CEC67B /* PSTGridLayoutItem.m */ = {isa = PBXFileReference; fileEncoding = 4; lastKnownFileType = sourcecode.c.objc; path = PSTGridLayoutItem.m; sourceTree = "<group>"; };
		9EDF643C16AB577B00CEC67B /* PSTGridLayoutRow.h */ = {isa = PBXFileReference; fileEncoding = 4; lastKnownFileType = sourcecode.c.h; path = PSTGridLayoutRow.h; sourceTree = "<group>"; };
		9EDF643D16AB577B00CEC67B /* PSTGridLayoutRow.m */ = {isa = PBXFileReference; fileEncoding = 4; lastKnownFileType = sourcecode.c.objc; path = PSTGridLayoutRow.m; sourceTree = "<group>"; };
		9EDF643E16AB577B00CEC67B /* PSTGridLayoutSection.h */ = {isa = PBXFileReference; fileEncoding = 4; lastKnownFileType = sourcecode.c.h; path = PSTGridLayoutSection.h; sourceTree = "<group>"; };
		9EDF643F16AB577B00CEC67B /* PSTGridLayoutSection.m */ = {isa = PBXFileReference; fileEncoding = 4; lastKnownFileType = sourcecode.c.objc; path = PSTGridLayoutSection.m; sourceTree = "<group>"; };
		AD86874E1713475B0073D89C /* partners.png */ = {isa = PBXFileReference; lastKnownFileType = image.png; path = partners.png; sourceTree = "<group>"; };
		AD868750171347680073D89C /* photo.png */ = {isa = PBXFileReference; lastKnownFileType = image.png; path = photo.png; sourceTree = "<group>"; };
		AD8687521713478E0073D89C /* home.png */ = {isa = PBXFileReference; lastKnownFileType = image.png; path = home.png; sourceTree = "<group>"; };
		AD868756171347BC0073D89C /* news.png */ = {isa = PBXFileReference; lastKnownFileType = image.png; path = news.png; sourceTree = "<group>"; };
		AD8687581713482A0073D89C /* event.png */ = {isa = PBXFileReference; lastKnownFileType = image.png; path = event.png; sourceTree = "<group>"; };
		ADD3975A17140D94001AC6C3 /* Paris 001.jpg */ = {isa = PBXFileReference; lastKnownFileType = image.jpeg; path = "Paris 001.jpg"; sourceTree = "<group>"; };
		ADD3975B17140D94001AC6C3 /* Paris 002.jpg */ = {isa = PBXFileReference; lastKnownFileType = image.jpeg; path = "Paris 002.jpg"; sourceTree = "<group>"; };
		ADD3975C17140D94001AC6C3 /* Paris 003.jpg */ = {isa = PBXFileReference; lastKnownFileType = image.jpeg; path = "Paris 003.jpg"; sourceTree = "<group>"; };
		ADD3975D17140D94001AC6C3 /* Paris 004.JPG */ = {isa = PBXFileReference; lastKnownFileType = image.jpeg; path = "Paris 004.JPG"; sourceTree = "<group>"; };
		ADD3976B17143AF1001AC6C3 /* Default@2x.png */ = {isa = PBXFileReference; lastKnownFileType = image.png; path = "Default@2x.png"; sourceTree = "<group>"; };
		ADD3976C17143AF1001AC6C3 /* Default.png */ = {isa = PBXFileReference; lastKnownFileType = image.png; path = Default.png; sourceTree = "<group>"; };
		ADD3976F171440A4001AC6C3 /* icon.png */ = {isa = PBXFileReference; lastKnownFileType = image.png; path = icon.png; sourceTree = "<group>"; };
		ADD3977E1714B1C0001AC6C3 /* menu.png */ = {isa = PBXFileReference; lastKnownFileType = image.png; path = menu.png; sourceTree = "<group>"; };
		ADD3978817157072001AC6C3 /* CIViewControllerPartnerview.h */ = {isa = PBXFileReference; fileEncoding = 4; lastKnownFileType = sourcecode.c.h; name = CIViewControllerPartnerview.h; path = ../CIViewControllerPartnerview.h; sourceTree = "<group>"; };
		ADD3978917157072001AC6C3 /* CIViewControllerPartnerview.m */ = {isa = PBXFileReference; fileEncoding = 4; lastKnownFileType = sourcecode.c.objc; name = CIViewControllerPartnerview.m; path = ../CIViewControllerPartnerview.m; sourceTree = "<group>"; };
		ADD3978A17157072001AC6C3 /* CIViewControllerPartnerview.xib */ = {isa = PBXFileReference; fileEncoding = 4; lastKnownFileType = file.xib; name = CIViewControllerPartnerview.xib; path = ../CIViewControllerPartnerview.xib; sourceTree = "<group>"; };
		ADD3978E1715B0B9001AC6C3 /* Sketch_Block.ttf */ = {isa = PBXFileReference; lastKnownFileType = file; path = Sketch_Block.ttf; sourceTree = "<group>"; };
		ADD397911715BE3E001AC6C3 /* CantataOne-Regular.ttf */ = {isa = PBXFileReference; lastKnownFileType = file; path = "CantataOne-Regular.ttf"; sourceTree = "<group>"; };
		ADD3979B1716A2C6001AC6C3 /* rp_navbar.png */ = {isa = PBXFileReference; lastKnownFileType = image.png; path = rp_navbar.png; sourceTree = "<group>"; };
/* End PBXFileReference section */

/* Begin PBXFrameworksBuildPhase section */
		9179A143169D700500D4E960 /* Frameworks */ = {
			isa = PBXFrameworksBuildPhase;
			buildActionMask = 2147483647;
			files = (
				9EA9F3F016A22F12006DC3C2 /* QuartzCore.framework in Frameworks */,
				9179A16F169DBFDD00D4E960 /* MapKit.framework in Frameworks */,
				9179A14B169D700500D4E960 /* UIKit.framework in Frameworks */,
				9179A14D169D700500D4E960 /* Foundation.framework in Frameworks */,
				9179A14F169D700500D4E960 /* CoreGraphics.framework in Frameworks */,
			);
			runOnlyForDeploymentPostprocessing = 0;
		};
/* End PBXFrameworksBuildPhase section */

/* Begin PBXGroup section */
		910F5C311702F8CC00F10889 /* iCarousel */ = {
			isa = PBXGroup;
			children = (
				910F5C2E1702F8B900F10889 /* iCarousel.h */,
				910F5C2F1702F8B900F10889 /* iCarousel.m */,
			);
			name = iCarousel;
			sourceTree = "<group>";
		};
		9179A13B169D700500D4E960 = {
			isa = PBXGroup;
			children = (
				9179A150169D700500D4E960 /* BDE Com'In */,
				9179A149169D700500D4E960 /* Frameworks */,
				9179A147169D700500D4E960 /* Products */,
			);
			sourceTree = "<group>";
		};
		9179A147169D700500D4E960 /* Products */ = {
			isa = PBXGroup;
			children = (
				9179A146169D700500D4E960 /* BDE Com'In.app */,
			);
			name = Products;
			sourceTree = "<group>";
		};
		9179A149169D700500D4E960 /* Frameworks */ = {
			isa = PBXGroup;
			children = (
				9EA9F3EF16A22F12006DC3C2 /* QuartzCore.framework */,
				9179A16E169DBFDD00D4E960 /* MapKit.framework */,
				9179A14A169D700500D4E960 /* UIKit.framework */,
				9179A14C169D700500D4E960 /* Foundation.framework */,
				9179A14E169D700500D4E960 /* CoreGraphics.framework */,
			);
			name = Frameworks;
			sourceTree = "<group>";
		};
		9179A150169D700500D4E960 /* BDE Com'In */ = {
			isa = PBXGroup;
			children = (
				9ED8DB75173D938B00F0D22A /* subClass */,
				910F5C311702F8CC00F10889 /* iCarousel */,
				9EDF642616AB577B00CEC67B /* PSTCollectionView */,
				9EA9F40216A23F66006DC3C2 /* Resources */,
				9EA9F3DF16A22DCE006DC3C2 /* ViewDeck */,
				9179A16D169D79E400D4E960 /* AppDelegate */,
				9179A17E169DD84900D4E960 /* Controllers */,
				9179A17F169DD86000D4E960 /* Views */,
				9179A151169D700500D4E960 /* Supporting Files */,
			);
			path = "BDE Com'In";
			sourceTree = "<group>";
		};
		9179A151169D700500D4E960 /* Supporting Files */ = {
			isa = PBXGroup;
			children = (
				9179A152169D700500D4E960 /* BDE Com'In-Info.plist */,
				ADD3976F171440A4001AC6C3 /* icon.png */,
				ADD3976B17143AF1001AC6C3 /* Default@2x.png */,
				ADD3976C17143AF1001AC6C3 /* Default.png */,
				9179A153169D700500D4E960 /* InfoPlist.strings */,
				9179A156169D700500D4E960 /* main.m */,
				9179A158169D700500D4E960 /* BDE Com'In-Prefix.pch */,
			);
			name = "Supporting Files";
			sourceTree = "<group>";
		};
		9179A16D169D79E400D4E960 /* AppDelegate */ = {
			isa = PBXGroup;
			children = (
				9179A159169D700500D4E960 /* CIAppDelegate.h */,
				9179A15A169D700500D4E960 /* CIAppDelegate.m */,
			);
			name = AppDelegate;
			sourceTree = "<group>";
		};
		9179A17E169DD84900D4E960 /* Controllers */ = {
			isa = PBXGroup;
			children = (
				9EA9F3EA16A22E4C006DC3C2 /* CILeftViewController.h */,
				9EA9F3EB16A22E4C006DC3C2 /* CILeftViewController.m */,
				ADD3978817157072001AC6C3 /* CIViewControllerPartnerview.h */,
				ADD3978917157072001AC6C3 /* CIViewControllerPartnerview.m */,
				9E54405416A49CA7008E3631 /* CIViewControllerNews.h */,
				910F5C291702F62200F10889 /* CIViewControllerEvent.h */,
				910F5C2A1702F62200F10889 /* CIViewControllerEvent.m */,
				9E54405516A49CA7008E3631 /* CIViewControllerNews.m */,
				9E54405916A49F81008E3631 /* CIViewControllerEvenement.h */,
				9E54405A16A49F82008E3631 /* CIViewControllerEvenement.m */,
				9EA9F3F916A2375F006DC3C2 /* CICellViewLeft.h */,
				9EA9F3FA16A2375F006DC3C2 /* CICellViewLeft.m */,
				9179A162169D700500D4E960 /* CIViewController.h */,
				9179A163169D700500D4E960 /* CIViewController.m */,
				9E54405E16A4A16F008E3631 /* CIViewControllerAlbum.h */,
				9E54405F16A4A16F008E3631 /* CIViewControllerAlbum.m */,
				9E54406316A4A534008E3631 /* CIViewControllerPartenaires.h */,
				9E54406416A4A534008E3631 /* CIViewControllerPartenaires.m */,
				9E1BE4671736FE5F005D6AE3 /* CICellCustomAlbum.h */,
				9E1BE4681736FE5F005D6AE3 /* CICellCustomAlbum.m */,
				9ED8DB32173D526300F0D22A /* CITableView.h */,
				9ED8DB33173D526300F0D22A /* CITableView.m */,
				9ED8DB70173D910C00F0D22A /* CIAlbum.h */,
				9ED8DB71173D910C00F0D22A /* CIAlbum.m */,
				9ED8DB7A173ECD7600F0D22A /* CVCell.h */,
				9ED8DB7B173ECD7700F0D22A /* CVCell.m */,
			);
			name = Controllers;
			sourceTree = "<group>";
		};
		9179A17F169DD86000D4E960 /* Views */ = {
			isa = PBXGroup;
			children = (
				9ED8DB72173D910C00F0D22A /* CIAlbum.xib */,
				9ED8DB34173D526300F0D22A /* CITableView.xib */,
				9E6A92C616AC4455006EC317 /* CIViewControllerCollectionAlbum.xib */,
				910F5C2B1702F62200F10889 /* CIViewControllerEvent.xib */,
				9EA9F3EC16A22E4C006DC3C2 /* CILeftViewController.xib */,
				9E54405B16A49F82008E3631 /* CIViewControllerEvenement.xib */,
				ADD3978A17157072001AC6C3 /* CIViewControllerPartnerview.xib */,
				9E54406516A4A534008E3631 /* CIViewControllerPartenaires.xib */,
				9E54406016A4A16F008E3631 /* CIViewControllerAlbum.xib */,
				9E54405616A49CA7008E3631 /* CIViewControllerNews.xib */,
				9179A165169D700500D4E960 /* CIViewController.xib */,
				9EA9F3FC16A2378B006DC3C2 /* CICellViewLeft.xib */,
				9E1BE46A1736FF93005D6AE3 /* CICellCustomAlbum.xib */,
			);
			name = Views;
			sourceTree = "<group>";
		};
		9EA9F3DF16A22DCE006DC3C2 /* ViewDeck */ = {
			isa = PBXGroup;
			children = (
				9EA9F3E016A22DCE006DC3C2 /* IISideController.h */,
				9EA9F3E116A22DCE006DC3C2 /* IISideController.m */,
				9EA9F3E216A22DCE006DC3C2 /* IIViewDeckController.h */,
				9EA9F3E316A22DCE006DC3C2 /* IIViewDeckController.m */,
				9EA9F3E416A22DCE006DC3C2 /* IIWrapController.h */,
				9EA9F3E516A22DCE006DC3C2 /* IIWrapController.m */,
			);
			path = ViewDeck;
			sourceTree = "<group>";
		};
		9EA9F40216A23F66006DC3C2 /* Resources */ = {
			isa = PBXGroup;
			children = (
				9E832A93176080B400A7F680 /* img-1.png */,
				9E832A94176080B400A7F680 /* img-2.png */,
				9E832A95176080B400A7F680 /* img-3.png */,
				9ED8DB78173EC6EA00F0D22A /* thumbnail.png */,
				9ED8DB37173D7EEE00F0D22A /* noImage.png */,
				ADD3979B1716A2C6001AC6C3 /* rp_navbar.png */,
				ADD397901715BDBD001AC6C3 /* fonts */,
				ADD3975817140C04001AC6C3 /* test partners */,
				AD86872D1712EA560073D89C /* viewdeck */,
			);
			name = Resources;
			sourceTree = "<group>";
		};
		9ED8DB75173D938B00F0D22A /* subClass */ = {
			isa = PBXGroup;
			children = (
				9ED8DB76173D93BB00F0D22A /* NibCell.xib */,
				9ED8DB7D173ED68300F0D22A /* CVCell.xib */,
			);
			name = subClass;
			sourceTree = "<group>";
		};
		9EDF642616AB577B00CEC67B /* PSTCollectionView */ = {
			isa = PBXGroup;
			children = (
				9EDF642716AB577B00CEC67B /* PSTCollectionView.h */,
				9EDF642816AB577B00CEC67B /* PSTCollectionView.m */,
				9EDF642916AB577B00CEC67B /* PSTCollectionViewCell.h */,
				9EDF642A16AB577B00CEC67B /* PSTCollectionViewCell.m */,
				9EDF642B16AB577B00CEC67B /* PSTCollectionViewCommon.h */,
				9EDF642C16AB577B00CEC67B /* PSTCollectionViewController.h */,
				9EDF642D16AB577B00CEC67B /* PSTCollectionViewController.m */,
				9EDF642E16AB577B00CEC67B /* PSTCollectionViewData.h */,
				9EDF642F16AB577B00CEC67B /* PSTCollectionViewData.m */,
				9EDF643016AB577B00CEC67B /* PSTCollectionViewFlowLayout.h */,
				9EDF643116AB577B00CEC67B /* PSTCollectionViewFlowLayout.m */,
				9EDF643216AB577B00CEC67B /* PSTCollectionViewItemKey.h */,
				9EDF643316AB577B00CEC67B /* PSTCollectionViewItemKey.m */,
				9EDF643416AB577B00CEC67B /* PSTCollectionViewLayout.h */,
				9EDF643516AB577B00CEC67B /* PSTCollectionViewLayout.m */,
				9EDF643616AB577B00CEC67B /* PSTCollectionViewUpdateItem.h */,
				9EDF643716AB577B00CEC67B /* PSTCollectionViewUpdateItem.m */,
				9EDF643816AB577B00CEC67B /* PSTGridLayoutInfo.h */,
				9EDF643916AB577B00CEC67B /* PSTGridLayoutInfo.m */,
				9EDF643A16AB577B00CEC67B /* PSTGridLayoutItem.h */,
				9EDF643B16AB577B00CEC67B /* PSTGridLayoutItem.m */,
				9EDF643C16AB577B00CEC67B /* PSTGridLayoutRow.h */,
				9EDF643D16AB577B00CEC67B /* PSTGridLayoutRow.m */,
				9EDF643E16AB577B00CEC67B /* PSTGridLayoutSection.h */,
				9EDF643F16AB577B00CEC67B /* PSTGridLayoutSection.m */,
			);
			name = PSTCollectionView;
			path = PSTCollectionViews;
			sourceTree = "<group>";
		};
		AD86872D1712EA560073D89C /* viewdeck */ = {
			isa = PBXGroup;
			children = (
				AD86874E1713475B0073D89C /* partners.png */,
				AD8687581713482A0073D89C /* event.png */,
				ADD3977E1714B1C0001AC6C3 /* menu.png */,
				AD868750171347680073D89C /* photo.png */,
				AD868756171347BC0073D89C /* news.png */,
				AD8687521713478E0073D89C /* home.png */,
			);
			name = viewdeck;
			sourceTree = "<group>";
		};
		ADD3975817140C04001AC6C3 /* test partners */ = {
			isa = PBXGroup;
			children = (
				ADD3975A17140D94001AC6C3 /* Paris 001.jpg */,
				ADD3975B17140D94001AC6C3 /* Paris 002.jpg */,
				ADD3975C17140D94001AC6C3 /* Paris 003.jpg */,
				ADD3975D17140D94001AC6C3 /* Paris 004.JPG */,
			);
			name = "test partners";
			sourceTree = "<group>";
		};
		ADD397901715BDBD001AC6C3 /* fonts */ = {
			isa = PBXGroup;
			children = (
				ADD397911715BE3E001AC6C3 /* CantataOne-Regular.ttf */,
				ADD3978E1715B0B9001AC6C3 /* Sketch_Block.ttf */,
			);
			name = fonts;
			sourceTree = "<group>";
		};
/* End PBXGroup section */

/* Begin PBXNativeTarget section */
		9179A145169D700500D4E960 /* BDE Com'In */ = {
			isa = PBXNativeTarget;
			buildConfigurationList = 9179A16A169D700500D4E960 /* Build configuration list for PBXNativeTarget "BDE Com'In" */;
			buildPhases = (
				9179A142169D700500D4E960 /* Sources */,
				9179A143169D700500D4E960 /* Frameworks */,
				9179A144169D700500D4E960 /* Resources */,
			);
			buildRules = (
			);
			dependencies = (
			);
			name = "BDE Com'In";
			productName = "BDE Com'In";
			productReference = 9179A146169D700500D4E960 /* BDE Com'In.app */;
			productType = "com.apple.product-type.application";
		};
/* End PBXNativeTarget section */

/* Begin PBXProject section */
		9179A13D169D700500D4E960 /* Project object */ = {
			isa = PBXProject;
			attributes = {
				CLASSPREFIX = CI;
				LastUpgradeCheck = 0450;
				ORGANIZATIONNAME = Ingesup;
			};
			buildConfigurationList = 9179A140169D700500D4E960 /* Build configuration list for PBXProject "BDE Com'In" */;
			compatibilityVersion = "Xcode 3.2";
			developmentRegion = English;
			hasScannedForEncodings = 0;
			knownRegions = (
				en,
			);
			mainGroup = 9179A13B169D700500D4E960;
			productRefGroup = 9179A147169D700500D4E960 /* Products */;
			projectDirPath = "";
			projectRoot = "";
			targets = (
				9179A145169D700500D4E960 /* BDE Com'In */,
			);
		};
/* End PBXProject section */

/* Begin PBXResourcesBuildPhase section */
		9179A144169D700500D4E960 /* Resources */ = {
			isa = PBXResourcesBuildPhase;
			buildActionMask = 2147483647;
			files = (
				9179A155169D700500D4E960 /* InfoPlist.strings in Resources */,
				9179A167169D700500D4E960 /* CIViewController.xib in Resources */,
				9EA9F3EE16A22E4C006DC3C2 /* CILeftViewController.xib in Resources */,
				9EA9F3FD16A2378B006DC3C2 /* CICellViewLeft.xib in Resources */,
				9E54405816A49CA7008E3631 /* CIViewControllerNews.xib in Resources */,
				9E54405D16A49F82008E3631 /* CIViewControllerEvenement.xib in Resources */,
				9E54406216A4A16F008E3631 /* CIViewControllerAlbum.xib in Resources */,
				9E54406716A4A534008E3631 /* CIViewControllerPartenaires.xib in Resources */,
				9E6A92C816AC4455006EC317 /* CIViewControllerCollectionAlbum.xib in Resources */,
				910F5C2D1702F62200F10889 /* CIViewControllerEvent.xib in Resources */,
				AD86874F1713475C0073D89C /* partners.png in Resources */,
				AD868751171347680073D89C /* photo.png in Resources */,
				AD8687531713478E0073D89C /* home.png in Resources */,
				AD868757171347BC0073D89C /* news.png in Resources */,
				AD8687591713482A0073D89C /* event.png in Resources */,
				ADD3975E17140D94001AC6C3 /* Paris 001.jpg in Resources */,
				ADD3975F17140D94001AC6C3 /* Paris 002.jpg in Resources */,
				ADD3976017140D94001AC6C3 /* Paris 003.jpg in Resources */,
				ADD3976117140D94001AC6C3 /* Paris 004.JPG in Resources */,
				ADD3976D17143AF2001AC6C3 /* Default@2x.png in Resources */,
				ADD3976E17143AF2001AC6C3 /* Default.png in Resources */,
				ADD39770171440A4001AC6C3 /* icon.png in Resources */,
				ADD3977F1714B1C0001AC6C3 /* menu.png in Resources */,
				ADD3978C17157072001AC6C3 /* CIViewControllerPartnerview.xib in Resources */,
				ADD3978F1715B0B9001AC6C3 /* Sketch_Block.ttf in Resources */,
				ADD3979C1716A2C6001AC6C3 /* rp_navbar.png in Resources */,
				9E1BE46B1736FF93005D6AE3 /* CICellCustomAlbum.xib in Resources */,
				9ED8DB36173D526300F0D22A /* CITableView.xib in Resources */,
				9ED8DB38173D7EEE00F0D22A /* noImage.png in Resources */,
				9ED8DB74173D910C00F0D22A /* CIAlbum.xib in Resources */,
				9ED8DB77173D93BB00F0D22A /* NibCell.xib in Resources */,
				9ED8DB79173EC6EB00F0D22A /* thumbnail.png in Resources */,
				9ED8DB7E173ED68300F0D22A /* CVCell.xib in Resources */,
				9E832A96176080B400A7F680 /* img-1.png in Resources */,
				9E832A97176080B400A7F680 /* img-2.png in Resources */,
				9E832A98176080B400A7F680 /* img-3.png in Resources */,
			);
			runOnlyForDeploymentPostprocessing = 0;
		};
/* End PBXResourcesBuildPhase section */

/* Begin PBXSourcesBuildPhase section */
		9179A142169D700500D4E960 /* Sources */ = {
			isa = PBXSourcesBuildPhase;
			buildActionMask = 2147483647;
			files = (
				9179A157169D700500D4E960 /* main.m in Sources */,
				9179A15B169D700500D4E960 /* CIAppDelegate.m in Sources */,
				9179A164169D700500D4E960 /* CIViewController.m in Sources */,
				9EA9F3E616A22DCE006DC3C2 /* IISideController.m in Sources */,
				9EA9F3E716A22DCE006DC3C2 /* IIViewDeckController.m in Sources */,
				9EA9F3E816A22DCE006DC3C2 /* IIWrapController.m in Sources */,
				9EA9F3ED16A22E4C006DC3C2 /* CILeftViewController.m in Sources */,
				9EA9F3FB16A2375F006DC3C2 /* CICellViewLeft.m in Sources */,
				9E54405716A49CA7008E3631 /* CIViewControllerNews.m in Sources */,
				9E54405C16A49F82008E3631 /* CIViewControllerEvenement.m in Sources */,
				9E54406116A4A16F008E3631 /* CIViewControllerAlbum.m in Sources */,
				9E54406616A4A534008E3631 /* CIViewControllerPartenaires.m in Sources */,
				9EDF644016AB577B00CEC67B /* PSTCollectionView.m in Sources */,
				9EDF644116AB577B00CEC67B /* PSTCollectionViewCell.m in Sources */,
				9EDF644216AB577B00CEC67B /* PSTCollectionViewController.m in Sources */,
				9EDF644316AB577B00CEC67B /* PSTCollectionViewData.m in Sources */,
				9EDF644416AB577B00CEC67B /* PSTCollectionViewFlowLayout.m in Sources */,
				9EDF644516AB577B00CEC67B /* PSTCollectionViewItemKey.m in Sources */,
				9EDF644616AB577B00CEC67B /* PSTCollectionViewLayout.m in Sources */,
				9EDF644716AB577B00CEC67B /* PSTCollectionViewUpdateItem.m in Sources */,
				9EDF644816AB577B00CEC67B /* PSTGridLayoutInfo.m in Sources */,
				9EDF644916AB577B00CEC67B /* PSTGridLayoutItem.m in Sources */,
				9EDF644A16AB577B00CEC67B /* PSTGridLayoutRow.m in Sources */,
				9EDF644B16AB577B00CEC67B /* PSTGridLayoutSection.m in Sources */,
				910F5C2C1702F62200F10889 /* CIViewControllerEvent.m in Sources */,
				910F5C301702F8B900F10889 /* iCarousel.m in Sources */,
				ADD3978B17157072001AC6C3 /* CIViewControllerPartnerview.m in Sources */,
				9E1BE4691736FE5F005D6AE3 /* CICellCustomAlbum.m in Sources */,
				9ED8DB35173D526300F0D22A /* CITableView.m in Sources */,
				9ED8DB73173D910C00F0D22A /* CIAlbum.m in Sources */,
				9ED8DB7C173ECD7700F0D22A /* CVCell.m in Sources */,
			);
			runOnlyForDeploymentPostprocessing = 0;
		};
/* End PBXSourcesBuildPhase section */

/* Begin PBXVariantGroup section */
		9179A153169D700500D4E960 /* InfoPlist.strings */ = {
			isa = PBXVariantGroup;
			children = (
				9179A154169D700500D4E960 /* en */,
			);
			name = InfoPlist.strings;
			sourceTree = "<group>";
		};
		9179A165169D700500D4E960 /* CIViewController.xib */ = {
			isa = PBXVariantGroup;
			children = (
				9179A166169D700500D4E960 /* en */,
			);
			name = CIViewController.xib;
			sourceTree = "<group>";
		};
/* End PBXVariantGroup section */

/* Begin XCBuildConfiguration section */
		9179A168169D700500D4E960 /* Debug */ = {
			isa = XCBuildConfiguration;
			buildSettings = {
				ALWAYS_SEARCH_USER_PATHS = NO;
				CLANG_CXX_LANGUAGE_STANDARD = "gnu++0x";
				CLANG_CXX_LIBRARY = "libc++";
				CLANG_ENABLE_OBJC_ARC = YES;
				CLANG_WARN_EMPTY_BODY = YES;
				CLANG_WARN__DUPLICATE_METHOD_MATCH = YES;
				"CODE_SIGN_IDENTITY[sdk=iphoneos*]" = "iPhone Developer";
				COPY_PHASE_STRIP = NO;
				GCC_C_LANGUAGE_STANDARD = gnu99;
				GCC_DYNAMIC_NO_PIC = NO;
				GCC_OPTIMIZATION_LEVEL = 0;
				GCC_PREPROCESSOR_DEFINITIONS = (
					"DEBUG=1",
					"$(inherited)",
				);
				GCC_SYMBOLS_PRIVATE_EXTERN = NO;
				GCC_WARN_ABOUT_RETURN_TYPE = YES;
				GCC_WARN_UNINITIALIZED_AUTOS = YES;
				GCC_WARN_UNUSED_VARIABLE = YES;
				IPHONEOS_DEPLOYMENT_TARGET = 6.0;
				ONLY_ACTIVE_ARCH = YES;
				SDKROOT = iphoneos;
			};
			name = Debug;
		};
		9179A169169D700500D4E960 /* Release */ = {
			isa = XCBuildConfiguration;
			buildSettings = {
				ALWAYS_SEARCH_USER_PATHS = NO;
				CLANG_CXX_LANGUAGE_STANDARD = "gnu++0x";
				CLANG_CXX_LIBRARY = "libc++";
				CLANG_ENABLE_OBJC_ARC = YES;
				CLANG_WARN_EMPTY_BODY = YES;
				CLANG_WARN__DUPLICATE_METHOD_MATCH = YES;
				"CODE_SIGN_IDENTITY[sdk=iphoneos*]" = "iPhone Developer";
				COPY_PHASE_STRIP = YES;
				GCC_C_LANGUAGE_STANDARD = gnu99;
				GCC_WARN_ABOUT_RETURN_TYPE = YES;
				GCC_WARN_UNINITIALIZED_AUTOS = YES;
				GCC_WARN_UNUSED_VARIABLE = YES;
				IPHONEOS_DEPLOYMENT_TARGET = 6.0;
				OTHER_CFLAGS = "-DNS_BLOCK_ASSERTIONS=1";
				SDKROOT = iphoneos;
				VALIDATE_PRODUCT = YES;
			};
			name = Release;
		};
		9179A16B169D700500D4E960 /* Debug */ = {
			isa = XCBuildConfiguration;
			buildSettings = {
				GCC_PRECOMPILE_PREFIX_HEADER = YES;
				GCC_PREFIX_HEADER = "BDE Com'In/BDE Com'In-Prefix.pch";
				INFOPLIST_FILE = "BDE Com'In/BDE Com'In-Info.plist";
				IPHONEOS_DEPLOYMENT_TARGET = 5.0;
				PRODUCT_NAME = "$(TARGET_NAME)";
				TARGETED_DEVICE_FAMILY = 1;
				WRAPPER_EXTENSION = app;
			};
			name = Debug;
		};
		9179A16C169D700500D4E960 /* Release */ = {
			isa = XCBuildConfiguration;
			buildSettings = {
				GCC_PRECOMPILE_PREFIX_HEADER = YES;
				GCC_PREFIX_HEADER = "BDE Com'In/BDE Com'In-Prefix.pch";
				INFOPLIST_FILE = "BDE Com'In/BDE Com'In-Info.plist";
				IPHONEOS_DEPLOYMENT_TARGET = 5.0;
				PRODUCT_NAME = "$(TARGET_NAME)";
				TARGETED_DEVICE_FAMILY = 1;
				WRAPPER_EXTENSION = app;
			};
			name = Release;
		};
/* End XCBuildConfiguration section */

/* Begin XCConfigurationList section */
		9179A140169D700500D4E960 /* Build configuration list for PBXProject "BDE Com'In" */ = {
			isa = XCConfigurationList;
			buildConfigurations = (
				9179A168169D700500D4E960 /* Debug */,
				9179A169169D700500D4E960 /* Release */,
			);
			defaultConfigurationIsVisible = 0;
			defaultConfigurationName = Release;
		};
		9179A16A169D700500D4E960 /* Build configuration list for PBXNativeTarget "BDE Com'In" */ = {
			isa = XCConfigurationList;
			buildConfigurations = (
				9179A16B169D700500D4E960 /* Debug */,
				9179A16C169D700500D4E960 /* Release */,
			);
			defaultConfigurationIsVisible = 0;
			defaultConfigurationName = Release;
		};
/* End XCConfigurationList section */
	};
	rootObject = 9179A13D169D700500D4E960 /* Project object */;
}
